<?xml version="1.0" encoding="utf-8"?>
<Project ToolsVersion="4.0" xmlns="http://schemas.microsoft.com/developer/msbuild/2003">
  <ItemGroup>
    <Filter Include="Header Files">
      <UniqueIdentifier>{93995380-89BD-4b04-88EB-625FBE52EBFB}</UniqueIdentifier>
    </Filter>
    <Filter Include="Header Files\Common">
   <UniqueIdentifier>{00000000-1111-2222-3333-444444444444}</UniqueIdentifier>
    </Filter>
    <Filter Include="Header Files\Item">
      <UniqueIdentifier>{A1B1C1D1-E1F1-11D1-AAAA-00A0C913D1F8}</UniqueIdentifier>
    </Filter>
    <Filter Include="Header Files\Unit">
      <UniqueIdentifier>{B2B2C2D2-E2F2-22D2-BBBB-00A0C913D1F8}</UniqueIdentifier>
    </Filter>
    <Filter Include="Header Files\Manager">
      <UniqueIdentifier>{C3B3C3D3-E3F3-33D3-CCCC-00A0C913D1F8}</UniqueIdentifier>
    </Filter>
    <Filter Include="Header Files\Factory">
      <UniqueIdentifier>{A7B7C7D7-E7F7-77D7-AAAA-00A0C913D1F8}</UniqueIdentifier>
    </Filter>
    <Filter Include="Header Files\UI">
      <UniqueIdentifier>{11111111-2222-3333-4444-555555555555}</UniqueIdentifier>
    </Filter>
    <Filter Include="Header Files\UI\Scenes">
  <UniqueIdentifier>{AAAAAAAA-BBBB-CCCC-DDDD-EEEEEEEEEEEE}</UniqueIdentifier>
    </Filter>
    <Filter Include="Header Files\Data">
    <UniqueIdentifier>{DDDDDDDD-EEEE-FFFF-0000-111111111111}</UniqueIdentifier>
    </Filter>
    <Filter Include="Source Files">
      <UniqueIdentifier>{4FC737F1-C7A5-4376-A066-2A32D752A2FF}</UniqueIdentifier>
    </Filter>
    <Filter Include="Source Files\Item">
   <UniqueIdentifier>{D4B4C4D4-E4F4-44D4-DDDD-00A0C913D1F8}</UniqueIdentifier>
    </Filter>
    <Filter Include="Source Files\Unit">
      <UniqueIdentifier>{E5B5C5D5-E5F5-55D5-EEEE-00A0C913D1F8}</UniqueIdentifier>
    </Filter>
    <Filter Include="Source Files\Manager">
      <UniqueIdentifier>{F6B6C6D6-E6F6-66D6-FFFF-00A0C913D1F8}</UniqueIdentifier>
    </Filter>
    <Filter Include="Source Files\Factory">
      <UniqueIdentifier>{B8B8C8D8-E8F8-88D8-BBBB-00A0C913D1F8}</UniqueIdentifier>
    </Filter>
    <Filter Include="Source Files\UI">
      <UniqueIdentifier>{66666666-7777-8888-9999-000000000000}</UniqueIdentifier>
    </Filter>
    <Filter Include="Source Files\UI\Scenes">
      <UniqueIdentifier>{BBBBBBBB-CCCC-DDDD-EEEE-FFFFFFFFFFFF}</UniqueIdentifier>
    </Filter>
  </ItemGroup>
  <ItemGroup>
    <!-- Root Headers -->
    <ClInclude Include="include\Singleton.h">
      <Filter>Header Files</Filter>
    </ClInclude>
    <ClInclude Include="include\Config.h">
      <Filter>Header Files</Filter>
    </ClInclude>
    <!-- Common Headers -->
    <ClInclude Include="include\Common\TextColor.h">
      <Filter>Header Files\Common</Filter>
    </ClInclude>
    <!-- Data Headers -->
    <ClInclude Include="include\Data\StageData.h">
      <Filter>Header Files\Data</Filter>
    </ClInclude>
    <!-- Item Headers -->
    <ClInclude Include="include\Item\AttackUp.h">
      <Filter>Header Files\Item</Filter>
    </ClInclude>
    <ClInclude Include="include\Item\HealPotion.h">
      <Filter>Header Files\Item</Filter>
    </ClInclude>
    <ClInclude Include="include\Item\IItem.h">
      <Filter>Header Files\Item</Filter>
    </ClInclude>
    <ClInclude Include="include\Item\Inventory.h">
    <Filter>Header Files\Item</Filter>
    </ClInclude>
    <ClInclude Include="include\Item\ItemSlot.h">
      <Filter>Header Files\Item</Filter>
    </ClInclude>
    <ClInclude Include="include\Item\ItemData.h">
      <Filter>Header Files\Item</Filter>
    </ClInclude>
    <ClInclude Include="include\Item\MonsterSpawnData.h">
      <Filter>Header Files\Item</Filter>
    </ClInclude>
    <!-- Unit Headers -->
    <ClInclude Include="include\Unit\ICharacter.h">
      <Filter>Header Files\Unit</Filter>
    </ClInclude>
    <ClInclude Include="include\Unit\IMonster.h">
    <Filter>Header Files\Unit</Filter>
    </ClInclude>
    <ClInclude Include="include\Unit\NormalMonster.h">
      <Filter>Header Files\Unit</Filter>
    </ClInclude>
    <ClInclude Include="include\Unit\Player.h">
      <Filter>Header Files\Unit</Filter>
    </ClInclude>
    <ClInclude Include="include\Unit\Boss.h">
      <Filter>Header Files\Unit</Filter>
    </ClInclude>
    <!-- Manager Headers -->
    <ClInclude Include="include\Manager\BattleManager.h">
      <Filter>Header Files\Manager</Filter>
    </ClInclude>
 <ClInclude Include="include\Manager\GameManager.h">
      <Filter>Header Files\Manager</Filter>
</ClInclude>
    <ClInclude Include="include\Manager\InputManager.h">
      <Filter>Header Files\Manager</Filter>
    </ClInclude>
    <ClInclude Include="include\Manager\PrintManager.h">
  <Filter>Header Files\Manager</Filter>
    </ClInclude>
    <ClInclude Include="include\Manager\ShopManager.h">
      <Filter>Header Files\Manager</Filter>
    </ClInclude>
    <ClInclude Include="include\Manager\DataManager.h">
  <Filter>Header Files\Manager</Filter>
    </ClInclude>
    <ClInclude Include="include\Manager\SoundPlayer.h">
    <Filter>Header Files\Manager</Filter>
    </ClInclude>
    <ClInclude Include="include\Manager\SceneManager.h">
      <Filter>Header Files\Manager</Filter>
    </ClInclude>
    <ClInclude Include="include\Manager\StageManager.h">
      <Filter>Header Files\Manager</Filter>
    </ClInclude>
    <!-- Factory Headers -->
    <ClInclude Include="include\Factory\Factory.h">
      <Filter>Header Files\Factory</Filter>
    </ClInclude>
    <ClInclude Include="include\Factory\ItemFactory.h">
  <Filter>Header Files\Factory</Filter>
    </ClInclude>
    <!-- UI Headers -->
    <ClInclude Include="include\UI\ScreenBuffer.h">
    <Filter>Header Files\UI</Filter>
    </ClInclude>
    <ClInclude Include="include\UI\Panel.h">
      <Filter>Header Files\UI</Filter>
    </ClInclude>
    <ClInclude Include="include\UI\UIDrawer.h">
      <Filter>Header Files\UI</Filter>
    </ClInclude>
    <ClInclude Include="include\UI\IContentRenderer.h">
   <Filter>Header Files\UI</Filter>
    </ClInclude>
    <ClInclude Include="include\UI\TextRenderer.h">
      <Filter>Header Files\UI</Filter>
 </ClInclude>
<ClInclude Include="include\UI\StatRenderer.h">
      <Filter>Header Files\UI</Filter>
    </ClInclude>
 <ClInclude Include="include\UI\AsciiArtRenderer.h">
      <Filter>Header Files\UI</Filter>
    </ClInclude>
    <ClInclude Include="include\UI\UIScene.h">
      <Filter>Header Files\UI</Filter>
    </ClInclude>
    <ClInclude Include="include\UI\InputBridge.h">
      <Filter>Header Files\UI</Filter>
    </ClInclude>
    <!-- UI Scene Headers -->
    <ClInclude Include="include\UI\Scenes\MainMenuScene.h">
    <Filter>Header Files\UI\Scenes</Filter>
  </ClInclude>
    <ClInclude Include="include\UI\Scenes\PlayerNameInputScene.h">
      <Filter>Header Files\UI\Scenes</Filter>
    </ClInclude>
    <ClInclude Include="include\UI\Scenes\CharacterSelectScene.h">
      <Filter>Header Files\UI\Scenes</Filter>
    </ClInclude>
    <ClInclude Include="include\UI\Scenes\StoryProgressScene.h">
      <Filter>Header Files\UI\Scenes</Filter>
  </ClInclude>
    <ClInclude Include="include\UI\Scenes\StageSelectScene.h">
    <Filter>Header Files\UI\Scenes</Filter>
    </ClInclude>
<ClInclude Include="include\UI\Scenes\BattleScene.h">
      <Filter>Header Files\UI\Scenes</Filter>
    </ClInclude>
    <ClInclude Include="include\UI\Scenes\ShopScene.h">
      <Filter>Header Files\UI\Scenes</Filter>
    </ClInclude>
    <ClInclude Include="include\UI\Scenes\CompanionRecruitScene.h">
      <Filter>Header Files\UI\Scenes</Filter>
    </ClInclude>
    <ClInclude Include="include\UI\Scenes\ResultScene.h">
      <Filter>Header Files\UI\Scenes</Filter>
    </ClInclude>
  </ItemGroup>
  <ItemGroup>
    <!-- Item Sources -->
    <ClCompile Include="src\Item\AttackUp.cpp">
      <Filter>Source Files\Item</Filter>
    </ClCompile>
    <ClCompile Include="src\Item\HealPotion.cpp">
      <Filter>Source Files\Item</Filter>
    </ClCompile>
    <ClCompile Include="src\Item\Inventory.cpp">
      <Filter>Source Files\Item</Filter>
    </ClCompile>
    <ClCompile Include="src\Item\ItemSlot.cpp">
      <Filter>Source Files\Item</Filter>
    </ClCompile>
  <!-- Unit Sources -->
    <ClCompile Include="src\Unit\NormalMonster.cpp">
      <Filter>Source Files\Unit</Filter>
    </ClCompile>
    <ClCompile Include="src\Unit\Player.cpp">
      <Filter>Source Files\Unit</Filter>
    </ClCompile>
    <ClCompile Include="src\Unit\Boss.cpp">
      <Filter>Source Files\Unit</Filter>
    </ClCompile>
    <!-- Manager Sources -->
    <ClCompile Include="src\Manager\BattleManager.cpp">
      <Filter>Source Files\Manager</Filter>
    </ClCompile>
    <ClCompile Include="src\Manager\GameManager.cpp">
      <Filter>Source Files\Manager</Filter>
    </ClCompile>
    <ClCompile Include="src\Manager\InputManager.cpp">
      <Filter>Source Files\Manager</Filter>
    </ClCompile>
    <ClCompile Include="src\Manager\PrintManager.cpp">
      <Filter>Source Files\Manager</Filter>
    </ClCompile>
    <ClCompile Include="src\Manager\ShopManager.cpp">
   <Filter>Source Files\Manager</Filter>
    </ClCompile>
    <ClCompile Include="src\Manager\DataManager.cpp">
      <Filter>Source Files\Manager</Filter>
    </ClCompile>
    <ClCompile Include="src\Manager\SoundPlayer.cpp">
      <Filter>Source Files\Manager</Filter>
    </ClCompile>
    <ClCompile Include="src\Manager\SceneManager.cpp">
      <Filter>Source Files\Manager</Filter>
    </ClCompile>
    <ClCompile Include="src\Manager\StageManager.cpp">
      <Filter>Source Files\Manager</Filter>
    </ClCompile>
    <!-- Factory Sources -->
    <ClCompile Include="src\Factory\ItemFactory.cpp">
      <Filter>Source Files\Factory</Filter>
    </ClCompile>
    <!-- UI Sources -->
    <ClCompile Include="src\UI\ScreenBuffer.cpp">
 <Filter>Source Files\UI</Filter>
    </ClCompile>
    <ClCompile Include="src\UI\Panel.cpp">
      <Filter>Source Files\UI</Filter>
    </ClCompile>
    <ClCompile Include="src\UI\UIDrawer.cpp">
      <Filter>Source Files\UI</Filter>
  </ClCompile>
    <ClCompile Include="src\UI\TextRenderer.cpp">
      <Filter>Source Files\UI</Filter>
    </ClCompile>
<ClCompile Include="src\UI\StatRenderer.cpp">
      <Filter>Source Files\UI</Filter>
  </ClCompile>
    <ClCompile Include="src\UI\AsciiArtRenderer.cpp">
      <Filter>Source Files\UI</Filter>
    </ClCompile>
    <ClCompile Include="src\UI\UIScene.cpp">
   <Filter>Source Files\UI</Filter>
    </ClCompile>
    <ClCompile Include="src\UI\InputBridge.cpp">
      <Filter>Source Files\UI</Filter>
  </ClCompile>
    <!-- UI Scene Sources -->
    <ClCompile Include="src\UI\Scenes\MainMenuScene.cpp">
      <Filter>Source Files\UI\Scenes</Filter>
    </ClCompile>
    <ClCompile Include="src\UI\Scenes\PlayerNameInputScene.cpp">
      <Filter>Source Files\UI\Scenes</Filter>
    </ClCompile>
    <ClCompile Include="src\UI\Scenes\CharacterSelectScene.cpp">
      <Filter>Source Files\UI\Scenes</Filter>
    </ClCompile>
    <ClCompile Include="src\UI\Scenes\StoryProgressScene.cpp">
      <Filter>Source Files\UI\Scenes</Filter>
    </ClCompile>
    <ClCompile Include="src\UI\Scenes\StageSelectScene.cpp">
      <Filter>Source Files\UI\Scenes</Filter>
    </ClCompile>
    <ClCompile Include="src\UI\Scenes\BattleScene.cpp">
      <Filter>Source Files\UI\Scenes</Filter>
    </ClCompile>
    <ClCompile Include="src\UI\Scenes\ShopScene.cpp">
      <Filter>Source Files\UI\Scenes</Filter>
  </ClCompile>
    <ClCompile Include="src\UI\Scenes\CompanionRecruitScene.cpp">
      <Filter>Source Files\UI\Scenes</Filter>
    </ClCompile>
    <ClCompile Include="src\UI\Scenes\ResultScene.cpp">
      <Filter>Source Files\UI\Scenes</Filter>
    </ClCompile>
    <!-- Main and Examples -->
    <ClCompile Include="Main.cpp">
      <Filter>Source Files</Filter>
    </ClCompile>
  <ClCompile Include="UIDrawer_TestExample.cpp">
      <Filter>Source Files</Filter>
    </ClCompile>
  </ItemGroup>
  <ItemGroup>
    <None Include="UIDrawer_Flowchart.md" />
    <None Include="SCENE_IMPLEMENTATION_GUIDE.md" />
    <None Include="PROJECT_GUIDELINE.md" />
    <None Include="QUICK_REFERENCE.md" />
    <None Include="ITEM_RESERVATION_USAGE.md" />
    <None Include="Resources\Stages\FloorInfo.csv" />
    <None Include="Resources\Stages\Floor1.csv" />
    <None Include="Resources\Stages\Floor2.csv" />
    <None Include="Resources\Stages\Floor10.csv" />
    <None Include="Resources\Stages\Floor3.csv" />
    <None Include="Resources\Stages\Floor4.csv" />
    <None Include="Resources\Stages\Floor5.csv" />
    <None Include="Resources\Stages\Floor6.csv" />
    <None Include="Resources\Stages\Floor7.csv" />
    <None Include="Resources\Stages\Floor8.csv" />
    <None Include="Resources\Stages\Floor9.csv" />
    <None Include="docs\StageSelectScene_Guide.md" />
  </ItemGroup>
</Project>